
Microsoft Visual Studio Solution File, Format Version 12.00
# Visual Studio Version 17
VisualStudioVersion = 17.5.33627.172
MinimumVisualStudioVersion = 10.0.40219.1
Project("{FAE04EC0-301F-11D3-BF4B-00C04F79EFBC}") = "Zadanie1", "Zadanie1.csproj", "{79FA8DF1-2702-4D38-8FE8-492F608BEE89}"
EndProject
Global
	GlobalSection(SolutionConfigurationPlatforms) = preSolution
		Debug|Any CPU = Debug|Any CPU
		Release|Any CPU = Release|Any CPU
	EndGlobalSection
	GlobalSection(ProjectConfigurationPlatforms) = postSolution
		{79FA8DF1-2702-4D38-8FE8-492F608BEE89}.Debug|Any CPU.ActiveCfg = Debug|Any CPU
		{79FA8DF1-2702-4D38-8FE8-492F608BEE89}.Debug|Any CPU.Build.0 = Debug|Any CPU
		{79FA8DF1-2702-4D38-8FE8-492F608BEE89}.Release|Any CPU.ActiveCfg = Release|Any CPU
		{79FA8DF1-2702-4D38-8FE8-492F608BEE89}.Release|Any CPU.Build.0 = Release|Any CPU
	EndGlobalSection
	GlobalSection(SolutionProperties) = preSolution
		HideSolutionNode = FALSE
	EndGlobalSection
	GlobalSection(ExtensibilityGlobals) = postSolution
		SolutionGuid = {3A58C1D5-E006-4959-8EA2-955E6164BF44}
	EndGlobalSection
EndGlobal
