
Microsoft Visual Studio Solution File, Format Version 12.00
# Visual Studio Version 17
VisualStudioVersion = 17.5.33627.172
MinimumVisualStudioVersion = 10.0.40219.1
Project("{FAE04EC0-301F-11D3-BF4B-00C04F79EFBC}") = "Zadanie3", "Zadanie3.csproj", "{310F15D0-BC9B-46F2-8485-4E56317DE82C}"
EndProject
Global
	GlobalSection(SolutionConfigurationPlatforms) = preSolution
		Debug|Any CPU = Debug|Any CPU
		Release|Any CPU = Release|Any CPU
	EndGlobalSection
	GlobalSection(ProjectConfigurationPlatforms) = postSolution
		{310F15D0-BC9B-46F2-8485-4E56317DE82C}.Debug|Any CPU.ActiveCfg = Debug|Any CPU
		{310F15D0-BC9B-46F2-8485-4E56317DE82C}.Debug|Any CPU.Build.0 = Debug|Any CPU
		{310F15D0-BC9B-46F2-8485-4E56317DE82C}.Release|Any CPU.ActiveCfg = Release|Any CPU
		{310F15D0-BC9B-46F2-8485-4E56317DE82C}.Release|Any CPU.Build.0 = Release|Any CPU
	EndGlobalSection
	GlobalSection(SolutionProperties) = preSolution
		HideSolutionNode = FALSE
	EndGlobalSection
	GlobalSection(ExtensibilityGlobals) = postSolution
		SolutionGuid = {5DD37F13-D39E-4BFF-8DCE-F0B2C8DE12A8}
	EndGlobalSection
EndGlobal
